// !$*UTF8*$!
{
	archiveVersion = 1;
	classes = {
	};
	objectVersion = 77;
	objects = {

/* Begin PBXBuildFile section */
		0423D459F5B6D49AFAC999A4 /* ClawdNotchApp.swift in Sources */ = {isa = PBXBuildFile; fileRef = 833822EACE83F4D39181A299 /* ClawdNotchApp.swift */; };
		2DCC674D6E99236643AED03E /* NotchGeometry.swift in Sources */ = {isa = PBXBuildFile; fileRef = DB6619F1BF732B0F901FDDFF /* NotchGeometry.swift */; };
		3B3433150D191F2D39E77F5E /* NotchOverlayView.swift in Sources */ = {isa = PBXBuildFile; fileRef = 164FF017C7D2CA0619CE3039 /* NotchOverlayView.swift */; };
		72078AAB6EB7D1D5C8416DCD /* NotchWindowController.swift in Sources */ = {isa = PBXBuildFile; fileRef = AAC704CC98A145E6DDDD97AB /* NotchWindowController.swift */; };
		91D36A1A8D4DD8999C20D34B /* StatusWatcher.swift in Sources */ = {isa = PBXBuildFile; fileRef = 356A736EA157F6609EDFD235 /* StatusWatcher.swift */; };
/* End PBXBuildFile section */

/* Begin PBXFileReference section */
		164FF017C7D2CA0619CE3039 /* NotchOverlayView.swift */ = {isa = PBXFileReference; lastKnownFileType = sourcecode.swift; path = NotchOverlayView.swift; sourceTree = "<group>"; };
		356A736EA157F6609EDFD235 /* StatusWatcher.swift */ = {isa = PBXFileReference; lastKnownFileType = sourcecode.swift; path = StatusWatcher.swift; sourceTree = "<group>"; };
		833822EACE83F4D39181A299 /* ClawdNotchApp.swift */ = {isa = PBXFileReference; lastKnownFileType = sourcecode.swift; path = ClawdNotchApp.swift; sourceTree = "<group>"; };
		AAC704CC98A145E6DDDD97AB /* NotchWindowController.swift */ = {isa = PBXFileReference; lastKnownFileType = sourcecode.swift; path = NotchWindowController.swift; sourceTree = "<group>"; };
		CA6B93C4B1C7DCE1F6343804 /* ClawdNotch.app */ = {isa = PBXFileReference; explicitFileType = wrapper.application; includeInIndex = 0; path = ClawdNotch.app; sourceTree = BUILT_PRODUCTS_DIR; };
		DB6619F1BF732B0F901FDDFF /* NotchGeometry.swift */ = {isa = PBXFileReference; lastKnownFileType = sourcecode.swift; path = NotchGeometry.swift; sourceTree = "<group>"; };
/* End PBXFileReference section */

/* Begin PBXGroup section */
		5685F2372EDD6FE471E4A77F /* ClawdNotch */ = {
			isa = PBXGroup;
			children = (
				833822EACE83F4D39181A299 /* ClawdNotchApp.swift */,
				DB6619F1BF732B0F901FDDFF /* NotchGeometry.swift */,
				164FF017C7D2CA0619CE3039 /* NotchOverlayView.swift */,
				AAC704CC98A145E6DDDD97AB /* NotchWindowController.swift */,
				356A736EA157F6609EDFD235 /* StatusWatcher.swift */,
			);
			path = ClawdNotch;
			sourceTree = "<group>";
		};
		5BAFB3D3DEE38F9F83E3EAA8 = {
			isa = PBXGroup;
			children = (
				5685F2372EDD6FE471E4A77F /* ClawdNotch */,
				EEFD49D8042C5E20EEA16B6C /* Products */,
			);
			sourceTree = "<group>";
		};
		EEFD49D8042C5E20EEA16B6C /* Products */ = {
			isa = PBXGroup;
			children = (
				CA6B93C4B1C7DCE1F6343804 /* ClawdNotch.app */,
			);
			name = Products;
			sourceTree = "<group>";
		};
/* End PBXGroup section */

/* Begin PBXNativeTarget section */
		C2DFED564512EDFC20FEA374 /* ClawdNotch */ = {
			isa = PBXNativeTarget;
			buildConfigurationList = 7B740F9662C9FC8BE3CF795A /* Build configuration list for PBXNativeTarget "ClawdNotch" */;
			buildPhases = (
				31D3DD68CE8A7732A1F2B94F /* Sources */,
			);
			buildRules = (
			);
			dependencies = (
			);
			name = ClawdNotch;
			packageProductDependencies = (
			);
			productName = ClawdNotch;
			productReference = CA6B93C4B1C7DCE1F6343804 /* ClawdNotch.app */;
			productType = "com.apple.product-type.application";
		};
/* End PBXNativeTarget section */

/* Begin PBXProject section */
		333AAAD4A55E8EB899CFFF40 /* Project object */ = {
			isa = PBXProject;
			attributes = {
				BuildIndependentTargetsInParallel = YES;
				LastUpgradeCheck = 1430;
				TargetAttributes = {
				};
			};
			buildConfigurationList = B052045AE3C23A11F1D0F8CE /* Build configuration list for PBXProject "ClawdNotch" */;
			developmentRegion = en;
			hasScannedForEncodings = 0;
			knownRegions = (
				Base,
				en,
			);
			mainGroup = 5BAFB3D3DEE38F9F83E3EAA8;
			minimizedProjectReferenceProxies = 1;
			preferredProjectObjectVersion = 77;
			productRefGroup = EEFD49D8042C5E20EEA16B6C /* Products */;
			projectDirPath = "";
			projectRoot = "";
			targets = (
				C2DFED564512EDFC20FEA374 /* ClawdNotch */,
			);
		};
/* End PBXProject section */

/* Begin PBXSourcesBuildPhase section */
		31D3DD68CE8A7732A1F2B94F /* Sources */ = {
			isa = PBXSourcesBuildPhase;
			buildActionMask = 2147483647;
			files = (
				0423D459F5B6D49AFAC999A4 /* ClawdNotchApp.swift in Sources */,
				2DCC674D6E99236643AED03E /* NotchGeometry.swift in Sources */,
				3B3433150D191F2D39E77F5E /* NotchOverlayView.swift in Sources */,
				72078AAB6EB7D1D5C8416DCD /* NotchWindowController.swift in Sources */,
				91D36A1A8D4DD8999C20D34B /* StatusWatcher.swift in Sources */,
			);
			runOnlyForDeploymentPostprocessing = 0;
		};
/* End PBXSourcesBuildPhase section */

/* Begin XCBuildConfiguration section */
		953ED7BA61498045535EFB9F /* Release */ = {
			isa = XCBuildConfiguration;
			buildSettings = {
				ALWAYS_SEARCH_USER_PATHS = NO;
				CLANG_ANALYZER_NONNULL = YES;
				CLANG_ANALYZER_NUMBER_OBJECT_CONVERSION = YES_AGGRESSIVE;
				CLANG_CXX_LANGUAGE_STANDARD = "gnu++14";
				CLANG_CXX_LIBRARY = "libc++";
				CLANG_ENABLE_MODULES = YES;
				CLANG_ENABLE_OBJC_ARC = YES;
				CLANG_ENABLE_OBJC_WEAK = YES;
				CLANG_WARN_BLOCK_CAPTURE_AUTORELEASING = YES;
				CLANG_WARN_BOOL_CONVERSION = YES;
				CLANG_WARN_COMMA = YES;
				CLANG_WARN_CONSTANT_CONVERSION = YES;
				CLANG_WARN_DEPRECATED_OBJC_IMPLEMENTATIONS = YES;
				CLANG_WARN_DIRECT_OBJC_ISA_USAGE = YES_ERROR;
				CLANG_WARN_DOCUMENTATION_COMMENTS = YES;
				CLANG_WARN_EMPTY_BODY = YES;
				CLANG_WARN_ENUM_CONVERSION = YES;
				CLANG_WARN_INFINITE_RECURSION = YES;
				CLANG_WARN_INT_CONVERSION = YES;
				CLANG_WARN_NON_LITERAL_NULL_CONVERSION = YES;
				CLANG_WARN_OBJC_IMPLICIT_RETAIN_SELF = YES;
				CLANG_WARN_OBJC_LITERAL_CONVERSION = YES;
				CLANG_WARN_OBJC_ROOT_CLASS = YES_ERROR;
				CLANG_WARN_QUOTED_INCLUDE_IN_FRAMEWORK_HEADER = YES;
				CLANG_WARN_RANGE_LOOP_ANALYSIS = YES;
				CLANG_WARN_STRICT_PROTOTYPES = YES;
				CLANG_WARN_SUSPICIOUS_MOVE = YES;
				CLANG_WARN_UNGUARDED_AVAILABILITY = YES_AGGRESSIVE;
				CLANG_WARN_UNREACHABLE_CODE = YES;
				CLANG_WARN__DUPLICATE_METHOD_MATCH = YES;
				CODE_SIGNING_ALLOWED = NO;
				CODE_SIGNING_REQUIRED = NO;
				CODE_SIGN_IDENTITY = "-";
				COPY_PHASE_STRIP = NO;
				CURRENT_PROJECT_VERSION = 1;
				DEBUG_INFORMATION_FORMAT = "dwarf-with-dsym";
				ENABLE_NS_ASSERTIONS = NO;
				ENABLE_STRICT_OBJC_MSGSEND = YES;
				GCC_C_LANGUAGE_STANDARD = gnu11;
				GCC_NO_COMMON_BLOCKS = YES;
				GCC_WARN_64_TO_32_BIT_CONVERSION = YES;
				GCC_WARN_ABOUT_RETURN_TYPE = YES_ERROR;
				GCC_WARN_UNDECLARED_SELECTOR = YES;
				GCC_WARN_UNINITIALIZED_AUTOS = YES_AGGRESSIVE;
				GCC_WARN_UNUSED_FUNCTION = YES;
				GCC_WARN_UNUSED_VARIABLE = YES;
				MACOSX_DEPLOYMENT_TARGET = 14.0;
				MARKETING_VERSION = 1.0.0;
				MTL_ENABLE_DEBUG_INFO = NO;
				MTL_FAST_MATH = YES;
				PRODUCT_NAME = "$(TARGET_NAME)";
				SDKROOT = macosx;
				SWIFT_COMPILATION_MODE = wholemodule;
				SWIFT_OPTIMIZATION_LEVEL = "-O";
				SWIFT_VERSION = 5.9;
			};
			name = Release;
		};
		B9C89EBB7239E791C23B3A98 /* Release */ = {
			isa = XCBuildConfiguration;
			buildSettings = {
				ASSETCATALOG_COMPILER_APPICON_NAME = AppIcon;
				COMBINE_HIDPI_IMAGES = YES;
				GENERATE_INFOPLIST_FILE = NO;
				INFOPLIST_FILE = ClawdNotch/Info.plist;
				LD_RUNPATH_SEARCH_PATHS = (
					"$(inherited)",
					"@executable_path/../Frameworks",
				);
				PRODUCT_BUNDLE_IDENTIFIER = com.jherduin.clawdnotch;
				SDKROOT = macosx;
			};
			name = Release;
		};
		E9FCA46AF0BA63F5BABEE717 /* Debug */ = {
			isa = XCBuildConfiguration;
			buildSettings = {
				ALWAYS_SEARCH_USER_PATHS = NO;
				CLANG_ANALYZER_NONNULL = YES;
				CLANG_ANALYZER_NUMBER_OBJECT_CONVERSION = YES_AGGRESSIVE;
				CLANG_CXX_LANGUAGE_STANDARD = "gnu++14";
				CLANG_CXX_LIBRARY = "libc++";
				CLANG_ENABLE_MODULES = YES;
				CLANG_ENABLE_OBJC_ARC = YES;
				CLANG_ENABLE_OBJC_WEAK = YES;
				CLANG_WARN_BLOCK_CAPTURE_AUTORELEASING = YES;
				CLANG_WARN_BOOL_CONVERSION = YES;
				CLANG_WARN_COMMA = YES;
				CLANG_WARN_CONSTANT_CONVERSION = YES;
				CLANG_WARN_DEPRECATED_OBJC_IMPLEMENTATIONS = YES;
				CLANG_WARN_DIRECT_OBJC_ISA_USAGE = YES_ERROR;
				CLANG_WARN_DOCUMENTATION_COMMENTS = YES;
				CLANG_WARN_EMPTY_BODY = YES;
				CLANG_WARN_ENUM_CONVERSION = YES;
				CLANG_WARN_INFINITE_RECURSION = YES;
				CLANG_WARN_INT_CONVERSION = YES;
				CLANG_WARN_NON_LITERAL_NULL_CONVERSION = YES;
				CLANG_WARN_OBJC_IMPLICIT_RETAIN_SELF = YES;
				CLANG_WARN_OBJC_LITERAL_CONVERSION = YES;
				CLANG_WARN_OBJC_ROOT_CLASS = YES_ERROR;
				CLANG_WARN_QUOTED_INCLUDE_IN_FRAMEWORK_HEADER = YES;
				CLANG_WARN_RANGE_LOOP_ANALYSIS = YES;
				CLANG_WARN_STRICT_PROTOTYPES = YES;
				CLANG_WARN_SUSPICIOUS_MOVE = YES;
				CLANG_WARN_UNGUARDED_AVAILABILITY = YES_AGGRESSIVE;
				CLANG_WARN_UNREACHABLE_CODE = YES;
				CLANG_WARN__DUPLICATE_METHOD_MATCH = YES;
				CODE_SIGNING_ALLOWED = NO;
				CODE_SIGNING_REQUIRED = NO;
				CODE_SIGN_IDENTITY = "-";
				COPY_PHASE_STRIP = NO;
				CURRENT_PROJECT_VERSION = 1;
				DEBUG_INFORMATION_FORMAT = dwarf;
				ENABLE_STRICT_OBJC_MSGSEND = YES;
				ENABLE_TESTABILITY = YES;
				GCC_C_LANGUAGE_STANDARD = gnu11;
				GCC_DYNAMIC_NO_PIC = NO;
				GCC_NO_COMMON_BLOCKS = YES;
				GCC_OPTIMIZATION_LEVEL = 0;
				GCC_PREPROCESSOR_DEFINITIONS = (
					"$(inherited)",
					"DEBUG=1",
				);
				GCC_WARN_64_TO_32_BIT_CONVERSION = YES;
				GCC_WARN_ABOUT_RETURN_TYPE = YES_ERROR;
				GCC_WARN_UNDECLARED_SELECTOR = YES;
				GCC_WARN_UNINITIALIZED_AUTOS = YES_AGGRESSIVE;
				GCC_WARN_UNUSED_FUNCTION = YES;
				GCC_WARN_UNUSED_VARIABLE = YES;
				MACOSX_DEPLOYMENT_TARGET = 14.0;
				MARKETING_VERSION = 1.0.0;
				MTL_ENABLE_DEBUG_INFO = INCLUDE_SOURCE;
				MTL_FAST_MATH = YES;
				ONLY_ACTIVE_ARCH = YES;
				PRODUCT_NAME = "$(TARGET_NAME)";
				SDKROOT = macosx;
				SWIFT_ACTIVE_COMPILATION_CONDITIONS = DEBUG;
				SWIFT_OPTIMIZATION_LEVEL = "-Onone";
				SWIFT_VERSION = 5.9;
			};
			name = Debug;
		};
		FA92A4267030F2F31A527E8F /* Debug */ = {
			isa = XCBuildConfiguration;
			buildSettings = {
				ASSETCATALOG_COMPILER_APPICON_NAME = AppIcon;
				COMBINE_HIDPI_IMAGES = YES;
				GENERATE_INFOPLIST_FILE = NO;
				INFOPLIST_FILE = ClawdNotch/Info.plist;
				LD_RUNPATH_SEARCH_PATHS = (
					"$(inherited)",
					"@executable_path/../Frameworks",
				);
				PRODUCT_BUNDLE_IDENTIFIER = com.jherduin.clawdnotch;
				SDKROOT = macosx;
			};
			name = Debug;
		};
/* End XCBuildConfiguration section */

/* Begin XCConfigurationList section */
		7B740F9662C9FC8BE3CF795A /* Build configuration list for PBXNativeTarget "ClawdNotch" */ = {
			isa = XCConfigurationList;
			buildConfigurations = (
				FA92A4267030F2F31A527E8F /* Debug */,
				B9C89EBB7239E791C23B3A98 /* Release */,
			);
			defaultConfigurationIsVisible = 0;
			defaultConfigurationName = Debug;
		};
		B052045AE3C23A11F1D0F8CE /* Build configuration list for PBXProject "ClawdNotch" */ = {
			isa = XCConfigurationList;
			buildConfigurations = (
				E9FCA46AF0BA63F5BABEE717 /* Debug */,
				953ED7BA61498045535EFB9F /* Release */,
			);
			defaultConfigurationIsVisible = 0;
			defaultConfigurationName = Debug;
		};
/* End XCConfigurationList section */
	};
	rootObject = 333AAAD4A55E8EB899CFFF40 /* Project object */;
}
